
Microsoft Visual Studio Solution File, Format Version 12.00
# Visual Studio Version 17
VisualStudioVersion = 17.14.36915.13
MinimumVisualStudioVersion = 10.0.40219.1
Project("{2150E333-8FDC-42A3-9474-1A3956D46DE8}") = "Appointments.API", "Appointments.API", "{02EA681E-C7D8-13C7-8484-4AC65E1B71E8}"
EndProject
Project("{2150E333-8FDC-42A3-9474-1A3956D46DE8}") = "Auth.API", "Auth.API", "{6A2FD57B-4CDE-4E07-9177-43CCA2A5B589}"
EndProject
Project("{FAE04EC0-301F-11D3-BF4B-00C04F79EFBC}") = "InnoClinic.Auth.API.DAL", "src\Auth.API\Auth.API.DAL\InnoClinic.Auth.API.DAL.csproj", "{933CAAF8-BDC5-2632-588C-ACD4CB927685}"
EndProject
Project("{FAE04EC0-301F-11D3-BF4B-00C04F79EFBC}") = "InnoClinic.Auth.API.BLL", "src\Auth.API\Auth.API.BLL\InnoClinic.Auth.API.BLL.csproj", "{A1761802-BDFC-F5B5-8F24-773D4C15B5A0}"
EndProject
Project("{FAE04EC0-301F-11D3-BF4B-00C04F79EFBC}") = "InnoClinic.Auth.API", "src\Auth.API\Auth.API.API\InnoClinic.Auth.API.csproj", "{A7BE8F50-F553-0850-0123-624D966B904E}"
EndProject
Project("{FAE04EC0-301F-11D3-BF4B-00C04F79EFBC}") = "InnoClinic.Appointments.API", "src\Appointments.API\Appointments.API.API\InnoClinic.Appointments.API.csproj", "{F3000023-03FE-890D-F129-110F86E73A55}"
EndProject
Project("{FAE04EC0-301F-11D3-BF4B-00C04F79EFBC}") = "InnoClinic.Appointments.API.Application", "src\Appointments.API\Appointments.API.Application\InnoClinic.Appointments.API.Application.csproj", "{1EF75FE4-BE14-174B-496C-08B18A6DFE7B}"
EndProject
Project("{FAE04EC0-301F-11D3-BF4B-00C04F79EFBC}") = "InnoClinic.Appointments.API.Domain", "src\Appointments.API\Appointments.API.Domain\InnoClinic.Appointments.API.Domain.csproj", "{59A5B1B1-54BB-7FFA-5CFC-4F53FD044CAF}"
EndProject
Project("{FAE04EC0-301F-11D3-BF4B-00C04F79EFBC}") = "InnoClinic.Appointments.API.Infrastructure", "src\Appointments.API\Appointments.API.Infrastructure\InnoClinic.Appointments.API.Infrastructure.csproj", "{1C19C289-7338-A01B-72C6-5AF0CB606D8A}"
EndProject
Project("{2150E333-8FDC-42A3-9474-1A3956D46DE8}") = "Shared", "Shared", "{B99A4F90-8F35-4E82-B7CD-1CCB91DCD63C}"
EndProject
Project("{FAE04EC0-301F-11D3-BF4B-00C04F79EFBC}") = "InnoClinic.Shared", "src\Shared\InnoClinic.Shared.csproj", "{E48B16C1-DD10-D662-7C94-29B78C1210B9}"
EndProject
Project("{2150E333-8FDC-42A3-9474-1A3956D46DE8}") = "src", "src", "{E69866F0-70C6-43F1-AAF3-249A595064AC}"
EndProject
Project("{2150E333-8FDC-42A3-9474-1A3956D46DE8}") = "tests", "tests", "{5EF861A2-11BE-4655-913F-616FD60AD41B}"
EndProject
Project("{2150E333-8FDC-42A3-9474-1A3956D46DE8}") = "Services.API", "Services.API", "{CDB186A9-7113-473A-BE6A-8BBAED0A3E9C}"
EndProject
Project("{FAE04EC0-301F-11D3-BF4B-00C04F79EFBC}") = "InnoClinic.Services.API.Domain", "src\Services.API\Services.API.Domain\InnoClinic.Services.API.Domain.csproj", "{8087FA19-E04F-F5E1-2D72-7FC71CAF2FD0}"
EndProject
Project("{FAE04EC0-301F-11D3-BF4B-00C04F79EFBC}") = "InnoClinic.Services.API.Application", "src\Services.API\Services.API.Application\InnoClinic.Services.API.Application.csproj", "{BCC619DD-BCDD-96EE-1A91-D78F0C8D2452}"
EndProject
Project("{FAE04EC0-301F-11D3-BF4B-00C04F79EFBC}") = "InnoClinic.Services.API.Infrastructure", "src\Services.API\Services.API.Infrastructure\InnoClinic.Services.API.Infrastructure.csproj", "{7A731548-4760-D1B1-5A8A-F7F8452F5FED}"
EndProject
Project("{FAE04EC0-301F-11D3-BF4B-00C04F79EFBC}") = "InnoClinic.Services.API", "src\Services.API\Services.API.API\InnoClinic.Services.API.csproj", "{24529F5B-2EB1-379A-DB74-A3D8C7C9EAF9}"
EndProject
Project("{2150E333-8FDC-42A3-9474-1A3956D46DE8}") = "Profiles.API", "Profiles.API", "{1B73F5D4-0A1E-4451-92B2-77C7B11FC592}"
EndProject
Project("{FAE04EC0-301F-11D3-BF4B-00C04F79EFBC}") = "InnoClinic.Profiles.API", "src\Profiles.API\InnoClinic.Profiles.API\InnoClinic.Profiles.API.csproj", "{45F929DF-3469-4F80-8868-8B91E2D5763D}"
EndProject
Project("{FAE04EC0-301F-11D3-BF4B-00C04F79EFBC}") = "InnoClinic.Profiles.API.Domain", "src\Profiles.API\Profiles.API.Domain\InnoClinic.Profiles.API.Domain.csproj", "{A65D60E1-16EC-8DAA-B5D5-52CB25B25D6B}"
EndProject
Project("{FAE04EC0-301F-11D3-BF4B-00C04F79EFBC}") = "InnoClinic.Profiles.API.Application", "src\Profiles.API\Profiles.API.Application\InnoClinic.Profiles.API.Application.csproj", "{6C469EB9-027A-F442-6D9F-6F64BCBEAC2F}"
EndProject
Project("{FAE04EC0-301F-11D3-BF4B-00C04F79EFBC}") = "InnoClinic.Profiles.API.Infrastructure", "src\Profiles.API\Profiles.API.Infrastructure\InnoClinic.Profiles.API.Infrastructure.csproj", "{50080D5C-112E-234D-DA5C-3623DF4A3ABC}"
EndProject
Project("{2150E333-8FDC-42A3-9474-1A3956D46DE8}") = "Offices.API", "Offices.API", "{DE2715CF-0BBF-4B31-B071-CAC222FAEC47}"
EndProject
Project("{FAE04EC0-301F-11D3-BF4B-00C04F79EFBC}") = "InnoClinic.Offices.API", "src\Offices.API\Offices.API.API\InnoClinic.Offices.API.csproj", "{39FB2DBC-4F7F-460A-3EF7-94B1C98A264B}"
EndProject
Project("{FAE04EC0-301F-11D3-BF4B-00C04F79EFBC}") = "InnoClinic.Offices.API.Infrastructure", "src\Offices.API\Offices.API.Infrastructure\InnoClinic.Offices.API.Infrastructure.csproj", "{3680DDE2-101E-316A-FB33-BA4FC7C3FE8B}"
EndProject
Project("{FAE04EC0-301F-11D3-BF4B-00C04F79EFBC}") = "InnoClinic.Offices.API.Domain", "src\Offices.API\Offices.API.Domain\InnoClinic.Offices.API.Domain.csproj", "{41840AFF-95AA-148A-59AE-DC1140D4CC24}"
EndProject
Project("{FAE04EC0-301F-11D3-BF4B-00C04F79EFBC}") = "InnoClinic.Offices.API.Application", "src\Offices.API\Offices.API.Application\InnoClinic.Offices.API.Application.csproj", "{1F18643F-8D9E-C1CE-6E16-335708AE30BD}"
EndProject
Project("{FAE04EC0-301F-11D3-BF4B-00C04F79EFBC}") = "Auth.API.Tests", "tests\Auth.API.Tests\Auth.API.Tests.csproj", "{5028D082-2875-1BD3-B571-A56184AA7765}"
EndProject
Project("{E53339B2-1760-4266-BCC7-CA923CBCF16C}") = "docker-compose", "docker-compose.dcproj", "{81DDED9D-158B-E303-5F62-77A2896D2A5A}"
EndProject
Project("{2150E333-8FDC-42A3-9474-1A3956D46DE8}") = "Documents.API", "Documents.API", "{EDCD0DDE-2474-4C17-B6D5-9AA919CA1230}"
EndProject
Project("{FAE04EC0-301F-11D3-BF4B-00C04F79EFBC}") = "InnoClinic.Documents.API", "src\Documents.API\Documents.API.API\InnoClinic.Documents.API.csproj", "{1C63178F-7ED5-9C99-7E3C-F77F3A3EB9E6}"
EndProject
Project("{FAE04EC0-301F-11D3-BF4B-00C04F79EFBC}") = "InnoClinic.Documents.API.Domain", "src\Documents.API\Documents.API.Domain\InnoClinic.Documents.API.Domain.csproj", "{E8FCA739-3F32-2EB8-8C0A-7984B740ADF6}"
EndProject
Project("{FAE04EC0-301F-11D3-BF4B-00C04F79EFBC}") = "InnoClinic.Documents.API.Infrastructure", "src\Documents.API\Documents.API.Infrastructure\InnoClinic.Documents.API.Infrastructure.csproj", "{C1097987-DBE9-90CA-6B40-B4199CA8B8E1}"
EndProject
Project("{FAE04EC0-301F-11D3-BF4B-00C04F79EFBC}") = "InnoClinic.Documents.API.Application", "src\Documents.API\Documents.API.Application\InnoClinic.Documents.API.Application.csproj", "{D03BEAD7-7570-759D-9B54-377814A3CEB4}"
EndProject
Project("{2150E333-8FDC-42A3-9474-1A3956D46DE8}") = "Solution Items", "Solution Items", "{8EC462FD-D22E-90A8-E5CE-7E832BA40C5D}"
	ProjectSection(SolutionItems) = preProject
		.editorconfig = .editorconfig
		Directory.Build.props = Directory.Build.props
		Directory.Packages.props = Directory.Packages.props
	EndProjectSection
EndProject
Project("{FAE04EC0-301F-11D3-BF4B-00C04F79EFBC}") = "Appointments.API.Tests", "tests\Appointments.API.Tests\Appointments.API.Tests.csproj", "{537B611F-98C3-B6F3-97F9-BCA0C2154E9B}"
EndProject
Global
	GlobalSection(SolutionConfigurationPlatforms) = preSolution
		Debug|Any CPU = Debug|Any CPU
		Release|Any CPU = Release|Any CPU
	EndGlobalSection
	GlobalSection(ProjectConfigurationPlatforms) = postSolution
		{933CAAF8-BDC5-2632-588C-ACD4CB927685}.Debug|Any CPU.ActiveCfg = Debug|Any CPU
		{933CAAF8-BDC5-2632-588C-ACD4CB927685}.Debug|Any CPU.Build.0 = Debug|Any CPU
		{933CAAF8-BDC5-2632-588C-ACD4CB927685}.Release|Any CPU.ActiveCfg = Release|Any CPU
		{933CAAF8-BDC5-2632-588C-ACD4CB927685}.Release|Any CPU.Build.0 = Release|Any CPU
		{A1761802-BDFC-F5B5-8F24-773D4C15B5A0}.Debug|Any CPU.ActiveCfg = Debug|Any CPU
		{A1761802-BDFC-F5B5-8F24-773D4C15B5A0}.Debug|Any CPU.Build.0 = Debug|Any CPU
		{A1761802-BDFC-F5B5-8F24-773D4C15B5A0}.Release|Any CPU.ActiveCfg = Release|Any CPU
		{A1761802-BDFC-F5B5-8F24-773D4C15B5A0}.Release|Any CPU.Build.0 = Release|Any CPU
		{A7BE8F50-F553-0850-0123-624D966B904E}.Debug|Any CPU.ActiveCfg = Debug|Any CPU
		{A7BE8F50-F553-0850-0123-624D966B904E}.Debug|Any CPU.Build.0 = Debug|Any CPU
		{A7BE8F50-F553-0850-0123-624D966B904E}.Release|Any CPU.ActiveCfg = Release|Any CPU
		{A7BE8F50-F553-0850-0123-624D966B904E}.Release|Any CPU.Build.0 = Release|Any CPU
		{F3000023-03FE-890D-F129-110F86E73A55}.Debug|Any CPU.ActiveCfg = Debug|Any CPU
		{F3000023-03FE-890D-F129-110F86E73A55}.Debug|Any CPU.Build.0 = Debug|Any CPU
		{F3000023-03FE-890D-F129-110F86E73A55}.Release|Any CPU.ActiveCfg = Release|Any CPU
		{F3000023-03FE-890D-F129-110F86E73A55}.Release|Any CPU.Build.0 = Release|Any CPU
		{1EF75FE4-BE14-174B-496C-08B18A6DFE7B}.Debug|Any CPU.ActiveCfg = Debug|Any CPU
		{1EF75FE4-BE14-174B-496C-08B18A6DFE7B}.Debug|Any CPU.Build.0 = Debug|Any CPU
		{1EF75FE4-BE14-174B-496C-08B18A6DFE7B}.Release|Any CPU.ActiveCfg = Release|Any CPU
		{1EF75FE4-BE14-174B-496C-08B18A6DFE7B}.Release|Any CPU.Build.0 = Release|Any CPU
		{59A5B1B1-54BB-7FFA-5CFC-4F53FD044CAF}.Debug|Any CPU.ActiveCfg = Debug|Any CPU
		{59A5B1B1-54BB-7FFA-5CFC-4F53FD044CAF}.Debug|Any CPU.Build.0 = Debug|Any CPU
		{59A5B1B1-54BB-7FFA-5CFC-4F53FD044CAF}.Release|Any CPU.ActiveCfg = Release|Any CPU
		{59A5B1B1-54BB-7FFA-5CFC-4F53FD044CAF}.Release|Any CPU.Build.0 = Release|Any CPU
		{1C19C289-7338-A01B-72C6-5AF0CB606D8A}.Debug|Any CPU.ActiveCfg = Debug|Any CPU
		{1C19C289-7338-A01B-72C6-5AF0CB606D8A}.Debug|Any CPU.Build.0 = Debug|Any CPU
		{1C19C289-7338-A01B-72C6-5AF0CB606D8A}.Release|Any CPU.ActiveCfg = Release|Any CPU
		{1C19C289-7338-A01B-72C6-5AF0CB606D8A}.Release|Any CPU.Build.0 = Release|Any CPU
		{E48B16C1-DD10-D662-7C94-29B78C1210B9}.Debug|Any CPU.ActiveCfg = Debug|Any CPU
		{E48B16C1-DD10-D662-7C94-29B78C1210B9}.Debug|Any CPU.Build.0 = Debug|Any CPU
		{E48B16C1-DD10-D662-7C94-29B78C1210B9}.Release|Any CPU.ActiveCfg = Release|Any CPU
		{E48B16C1-DD10-D662-7C94-29B78C1210B9}.Release|Any CPU.Build.0 = Release|Any CPU
		{8087FA19-E04F-F5E1-2D72-7FC71CAF2FD0}.Debug|Any CPU.ActiveCfg = Debug|Any CPU
		{8087FA19-E04F-F5E1-2D72-7FC71CAF2FD0}.Debug|Any CPU.Build.0 = Debug|Any CPU
		{8087FA19-E04F-F5E1-2D72-7FC71CAF2FD0}.Release|Any CPU.ActiveCfg = Release|Any CPU
		{8087FA19-E04F-F5E1-2D72-7FC71CAF2FD0}.Release|Any CPU.Build.0 = Release|Any CPU
		{BCC619DD-BCDD-96EE-1A91-D78F0C8D2452}.Debug|Any CPU.ActiveCfg = Debug|Any CPU
		{BCC619DD-BCDD-96EE-1A91-D78F0C8D2452}.Debug|Any CPU.Build.0 = Debug|Any CPU
		{BCC619DD-BCDD-96EE-1A91-D78F0C8D2452}.Release|Any CPU.ActiveCfg = Release|Any CPU
		{BCC619DD-BCDD-96EE-1A91-D78F0C8D2452}.Release|Any CPU.Build.0 = Release|Any CPU
		{7A731548-4760-D1B1-5A8A-F7F8452F5FED}.Debug|Any CPU.ActiveCfg = Debug|Any CPU
		{7A731548-4760-D1B1-5A8A-F7F8452F5FED}.Debug|Any CPU.Build.0 = Debug|Any CPU
		{7A731548-4760-D1B1-5A8A-F7F8452F5FED}.Release|Any CPU.ActiveCfg = Release|Any CPU
		{7A731548-4760-D1B1-5A8A-F7F8452F5FED}.Release|Any CPU.Build.0 = Release|Any CPU
		{24529F5B-2EB1-379A-DB74-A3D8C7C9EAF9}.Debug|Any CPU.ActiveCfg = Debug|Any CPU
		{24529F5B-2EB1-379A-DB74-A3D8C7C9EAF9}.Debug|Any CPU.Build.0 = Debug|Any CPU
		{24529F5B-2EB1-379A-DB74-A3D8C7C9EAF9}.Release|Any CPU.ActiveCfg = Release|Any CPU
		{24529F5B-2EB1-379A-DB74-A3D8C7C9EAF9}.Release|Any CPU.Build.0 = Release|Any CPU
		{45F929DF-3469-4F80-8868-8B91E2D5763D}.Debug|Any CPU.ActiveCfg = Debug|Any CPU
		{45F929DF-3469-4F80-8868-8B91E2D5763D}.Debug|Any CPU.Build.0 = Debug|Any CPU
		{45F929DF-3469-4F80-8868-8B91E2D5763D}.Release|Any CPU.ActiveCfg = Release|Any CPU
		{45F929DF-3469-4F80-8868-8B91E2D5763D}.Release|Any CPU.Build.0 = Release|Any CPU
		{A65D60E1-16EC-8DAA-B5D5-52CB25B25D6B}.Debug|Any CPU.ActiveCfg = Debug|Any CPU
		{A65D60E1-16EC-8DAA-B5D5-52CB25B25D6B}.Debug|Any CPU.Build.0 = Debug|Any CPU
		{A65D60E1-16EC-8DAA-B5D5-52CB25B25D6B}.Release|Any CPU.ActiveCfg = Release|Any CPU
		{A65D60E1-16EC-8DAA-B5D5-52CB25B25D6B}.Release|Any CPU.Build.0 = Release|Any CPU
		{6C469EB9-027A-F442-6D9F-6F64BCBEAC2F}.Debug|Any CPU.ActiveCfg = Debug|Any CPU
		{6C469EB9-027A-F442-6D9F-6F64BCBEAC2F}.Debug|Any CPU.Build.0 = Debug|Any CPU
		{6C469EB9-027A-F442-6D9F-6F64BCBEAC2F}.Release|Any CPU.ActiveCfg = Release|Any CPU
		{6C469EB9-027A-F442-6D9F-6F64BCBEAC2F}.Release|Any CPU.Build.0 = Release|Any CPU
		{50080D5C-112E-234D-DA5C-3623DF4A3ABC}.Debug|Any CPU.ActiveCfg = Debug|Any CPU
		{50080D5C-112E-234D-DA5C-3623DF4A3ABC}.Debug|Any CPU.Build.0 = Debug|Any CPU
		{50080D5C-112E-234D-DA5C-3623DF4A3ABC}.Release|Any CPU.ActiveCfg = Release|Any CPU
		{50080D5C-112E-234D-DA5C-3623DF4A3ABC}.Release|Any CPU.Build.0 = Release|Any CPU
		{39FB2DBC-4F7F-460A-3EF7-94B1C98A264B}.Debug|Any CPU.ActiveCfg = Debug|Any CPU
		{39FB2DBC-4F7F-460A-3EF7-94B1C98A264B}.Debug|Any CPU.Build.0 = Debug|Any CPU
		{39FB2DBC-4F7F-460A-3EF7-94B1C98A264B}.Release|Any CPU.ActiveCfg = Release|Any CPU
		{39FB2DBC-4F7F-460A-3EF7-94B1C98A264B}.Release|Any CPU.Build.0 = Release|Any CPU
		{3680DDE2-101E-316A-FB33-BA4FC7C3FE8B}.Debug|Any CPU.ActiveCfg = Debug|Any CPU
		{3680DDE2-101E-316A-FB33-BA4FC7C3FE8B}.Debug|Any CPU.Build.0 = Debug|Any CPU
		{3680DDE2-101E-316A-FB33-BA4FC7C3FE8B}.Release|Any CPU.ActiveCfg = Release|Any CPU
		{3680DDE2-101E-316A-FB33-BA4FC7C3FE8B}.Release|Any CPU.Build.0 = Release|Any CPU
		{41840AFF-95AA-148A-59AE-DC1140D4CC24}.Debug|Any CPU.ActiveCfg = Debug|Any CPU
		{41840AFF-95AA-148A-59AE-DC1140D4CC24}.Debug|Any CPU.Build.0 = Debug|Any CPU
		{41840AFF-95AA-148A-59AE-DC1140D4CC24}.Release|Any CPU.ActiveCfg = Release|Any CPU
		{41840AFF-95AA-148A-59AE-DC1140D4CC24}.Release|Any CPU.Build.0 = Release|Any CPU
		{1F18643F-8D9E-C1CE-6E16-335708AE30BD}.Debug|Any CPU.ActiveCfg = Debug|Any CPU
		{1F18643F-8D9E-C1CE-6E16-335708AE30BD}.Debug|Any CPU.Build.0 = Debug|Any CPU
		{1F18643F-8D9E-C1CE-6E16-335708AE30BD}.Release|Any CPU.ActiveCfg = Release|Any CPU
		{1F18643F-8D9E-C1CE-6E16-335708AE30BD}.Release|Any CPU.Build.0 = Release|Any CPU
		{5028D082-2875-1BD3-B571-A56184AA7765}.Debug|Any CPU.ActiveCfg = Debug|Any CPU
		{5028D082-2875-1BD3-B571-A56184AA7765}.Debug|Any CPU.Build.0 = Debug|Any CPU
		{5028D082-2875-1BD3-B571-A56184AA7765}.Release|Any CPU.ActiveCfg = Release|Any CPU
		{5028D082-2875-1BD3-B571-A56184AA7765}.Release|Any CPU.Build.0 = Release|Any CPU
		{81DDED9D-158B-E303-5F62-77A2896D2A5A}.Debug|Any CPU.ActiveCfg = Debug|Any CPU
		{81DDED9D-158B-E303-5F62-77A2896D2A5A}.Debug|Any CPU.Build.0 = Debug|Any CPU
		{81DDED9D-158B-E303-5F62-77A2896D2A5A}.Release|Any CPU.ActiveCfg = Release|Any CPU
		{81DDED9D-158B-E303-5F62-77A2896D2A5A}.Release|Any CPU.Build.0 = Release|Any CPU
		{1C63178F-7ED5-9C99-7E3C-F77F3A3EB9E6}.Debug|Any CPU.ActiveCfg = Debug|Any CPU
		{1C63178F-7ED5-9C99-7E3C-F77F3A3EB9E6}.Debug|Any CPU.Build.0 = Debug|Any CPU
		{1C63178F-7ED5-9C99-7E3C-F77F3A3EB9E6}.Release|Any CPU.ActiveCfg = Release|Any CPU
		{1C63178F-7ED5-9C99-7E3C-F77F3A3EB9E6}.Release|Any CPU.Build.0 = Release|Any CPU
		{E8FCA739-3F32-2EB8-8C0A-7984B740ADF6}.Debug|Any CPU.ActiveCfg = Debug|Any CPU
		{E8FCA739-3F32-2EB8-8C0A-7984B740ADF6}.Debug|Any CPU.Build.0 = Debug|Any CPU
		{E8FCA739-3F32-2EB8-8C0A-7984B740ADF6}.Release|Any CPU.ActiveCfg = Release|Any CPU
		{E8FCA739-3F32-2EB8-8C0A-7984B740ADF6}.Release|Any CPU.Build.0 = Release|Any CPU
		{C1097987-DBE9-90CA-6B40-B4199CA8B8E1}.Debug|Any CPU.ActiveCfg = Debug|Any CPU
		{C1097987-DBE9-90CA-6B40-B4199CA8B8E1}.Debug|Any CPU.Build.0 = Debug|Any CPU
		{C1097987-DBE9-90CA-6B40-B4199CA8B8E1}.Release|Any CPU.ActiveCfg = Release|Any CPU
		{C1097987-DBE9-90CA-6B40-B4199CA8B8E1}.Release|Any CPU.Build.0 = Release|Any CPU
		{D03BEAD7-7570-759D-9B54-377814A3CEB4}.Debug|Any CPU.ActiveCfg = Debug|Any CPU
		{D03BEAD7-7570-759D-9B54-377814A3CEB4}.Debug|Any CPU.Build.0 = Debug|Any CPU
		{D03BEAD7-7570-759D-9B54-377814A3CEB4}.Release|Any CPU.ActiveCfg = Release|Any CPU
		{D03BEAD7-7570-759D-9B54-377814A3CEB4}.Release|Any CPU.Build.0 = Release|Any CPU
		{537B611F-98C3-B6F3-97F9-BCA0C2154E9B}.Debug|Any CPU.ActiveCfg = Debug|Any CPU
		{537B611F-98C3-B6F3-97F9-BCA0C2154E9B}.Debug|Any CPU.Build.0 = Debug|Any CPU
		{537B611F-98C3-B6F3-97F9-BCA0C2154E9B}.Release|Any CPU.ActiveCfg = Release|Any CPU
		{537B611F-98C3-B6F3-97F9-BCA0C2154E9B}.Release|Any CPU.Build.0 = Release|Any CPU
	EndGlobalSection
	GlobalSection(SolutionProperties) = preSolution
		HideSolutionNode = FALSE
	EndGlobalSection
	GlobalSection(NestedProjects) = preSolution
		{02EA681E-C7D8-13C7-8484-4AC65E1B71E8} = {E69866F0-70C6-43F1-AAF3-249A595064AC}
		{6A2FD57B-4CDE-4E07-9177-43CCA2A5B589} = {E69866F0-70C6-43F1-AAF3-249A595064AC}
		{933CAAF8-BDC5-2632-588C-ACD4CB927685} = {6A2FD57B-4CDE-4E07-9177-43CCA2A5B589}
		{A1761802-BDFC-F5B5-8F24-773D4C15B5A0} = {6A2FD57B-4CDE-4E07-9177-43CCA2A5B589}
		{A7BE8F50-F553-0850-0123-624D966B904E} = {6A2FD57B-4CDE-4E07-9177-43CCA2A5B589}
		{F3000023-03FE-890D-F129-110F86E73A55} = {02EA681E-C7D8-13C7-8484-4AC65E1B71E8}
		{1EF75FE4-BE14-174B-496C-08B18A6DFE7B} = {02EA681E-C7D8-13C7-8484-4AC65E1B71E8}
		{59A5B1B1-54BB-7FFA-5CFC-4F53FD044CAF} = {02EA681E-C7D8-13C7-8484-4AC65E1B71E8}
		{1C19C289-7338-A01B-72C6-5AF0CB606D8A} = {02EA681E-C7D8-13C7-8484-4AC65E1B71E8}
		{B99A4F90-8F35-4E82-B7CD-1CCB91DCD63C} = {E69866F0-70C6-43F1-AAF3-249A595064AC}
		{E48B16C1-DD10-D662-7C94-29B78C1210B9} = {B99A4F90-8F35-4E82-B7CD-1CCB91DCD63C}
		{CDB186A9-7113-473A-BE6A-8BBAED0A3E9C} = {E69866F0-70C6-43F1-AAF3-249A595064AC}
		{8087FA19-E04F-F5E1-2D72-7FC71CAF2FD0} = {CDB186A9-7113-473A-BE6A-8BBAED0A3E9C}
		{BCC619DD-BCDD-96EE-1A91-D78F0C8D2452} = {CDB186A9-7113-473A-BE6A-8BBAED0A3E9C}
		{7A731548-4760-D1B1-5A8A-F7F8452F5FED} = {CDB186A9-7113-473A-BE6A-8BBAED0A3E9C}
		{24529F5B-2EB1-379A-DB74-A3D8C7C9EAF9} = {CDB186A9-7113-473A-BE6A-8BBAED0A3E9C}
		{1B73F5D4-0A1E-4451-92B2-77C7B11FC592} = {E69866F0-70C6-43F1-AAF3-249A595064AC}
		{45F929DF-3469-4F80-8868-8B91E2D5763D} = {1B73F5D4-0A1E-4451-92B2-77C7B11FC592}
		{A65D60E1-16EC-8DAA-B5D5-52CB25B25D6B} = {1B73F5D4-0A1E-4451-92B2-77C7B11FC592}
		{6C469EB9-027A-F442-6D9F-6F64BCBEAC2F} = {1B73F5D4-0A1E-4451-92B2-77C7B11FC592}
		{50080D5C-112E-234D-DA5C-3623DF4A3ABC} = {1B73F5D4-0A1E-4451-92B2-77C7B11FC592}
		{DE2715CF-0BBF-4B31-B071-CAC222FAEC47} = {E69866F0-70C6-43F1-AAF3-249A595064AC}
		{39FB2DBC-4F7F-460A-3EF7-94B1C98A264B} = {DE2715CF-0BBF-4B31-B071-CAC222FAEC47}
		{3680DDE2-101E-316A-FB33-BA4FC7C3FE8B} = {DE2715CF-0BBF-4B31-B071-CAC222FAEC47}
		{41840AFF-95AA-148A-59AE-DC1140D4CC24} = {DE2715CF-0BBF-4B31-B071-CAC222FAEC47}
		{1F18643F-8D9E-C1CE-6E16-335708AE30BD} = {DE2715CF-0BBF-4B31-B071-CAC222FAEC47}
		{5028D082-2875-1BD3-B571-A56184AA7765} = {5EF861A2-11BE-4655-913F-616FD60AD41B}
		{EDCD0DDE-2474-4C17-B6D5-9AA919CA1230} = {E69866F0-70C6-43F1-AAF3-249A595064AC}
		{1C63178F-7ED5-9C99-7E3C-F77F3A3EB9E6} = {EDCD0DDE-2474-4C17-B6D5-9AA919CA1230}
		{E8FCA739-3F32-2EB8-8C0A-7984B740ADF6} = {EDCD0DDE-2474-4C17-B6D5-9AA919CA1230}
		{C1097987-DBE9-90CA-6B40-B4199CA8B8E1} = {EDCD0DDE-2474-4C17-B6D5-9AA919CA1230}
		{D03BEAD7-7570-759D-9B54-377814A3CEB4} = {EDCD0DDE-2474-4C17-B6D5-9AA919CA1230}
		{537B611F-98C3-B6F3-97F9-BCA0C2154E9B} = {5EF861A2-11BE-4655-913F-616FD60AD41B}
	EndGlobalSection
	GlobalSection(ExtensibilityGlobals) = postSolution
		SolutionGuid = {FF8979EF-3025-4F80-B7E4-E721C0792B9C}
	EndGlobalSection
EndGlobal
